lockfileVersion: '6.0'

settings:
  autoInstallPeers: true
  excludeLinksFromLockfile: false

dependencies:
  mock:
    specifier: ^0.1.1
    version: 0.1.1

packages:

  /mock@0.1.1:
    resolution: {integrity: sha512-eJcWbgoaFUcPqU0g6AcuPKxoe83f7IPALr+dTwCwBN4Iuj4UlLzPtzUlsIpbLVzaXU0CkxP8PvLWKKlFDYdyCw==}
    dev: false
