{
  "name": "Antv_Hello",
  "lockfileVersion": 2,
  "requires": true,
  "packages": {
    "": {
      "dependencies": {
        "@antv/g2plot": "^2.3.10"
      }
    },
    "node_modules/@antv/adjust": {
      "version": "0.2.3",
      "resolved": "https://registry.npm.taobao.org/@antv/adjust/download/@antv/adjust-0.2.3.tgz?cache=0&sync_timestamp=1602724618252&other_urls=https%3A%2F%2Fregistry.npm.taobao.org%2F%40antv%2Fadjust%2Fdownload%2F%40antv%2Fadjust-0.2.3.tgz",
      "integrity": "sha1-w4hKaAwyZMwSXX8qtTmOihwLlAE=",
      "dependencies": {
        "@antv/util": "~2.0.0",
        "tslib": "^1.10.0"
      }
    },
    "node_modules/@antv/adjust/node_modules/tslib": {
      "version": "1.14.1",
      "resolved": "https://registry.npm.taobao.org/tslib/download/tslib-1.14.1.tgz?cache=0&sync_timestamp=1609887446826&other_urls=https%3A%2F%2Fregistry.npm.taobao.org%2Ftslib%2Fdownload%2Ftslib-1.14.1.tgz",
      "integrity": "sha1-zy04vcNKE0vK8QkcQfZhni9nLQA="
    },
    "node_modules/@antv/attr": {
      "version": "0.3.2",
      "resolved": "https://registry.npm.taobao.org/@antv/attr/download/@antv/attr-0.3.2.tgz",
      "integrity": "sha1-5YZrZIcMYvOpwluKYfZUuiv9oFE=",
      "dependencies": {
        "@antv/color-util": "^2.0.1",
        "@antv/util": "~2.0.0",
        "tslib": "^1.10.0"
      }
    },
    "node_modules/@antv/attr/node_modules/tslib": {
      "version": "1.14.1",
      "resolved": "https://registry.npm.taobao.org/tslib/download/tslib-1.14.1.tgz?cache=0&sync_timestamp=1609887446826&other_urls=https%3A%2F%2Fregistry.npm.taobao.org%2Ftslib%2Fdownload%2Ftslib-1.14.1.tgz",
      "integrity": "sha1-zy04vcNKE0vK8QkcQfZhni9nLQA="
    },
    "node_modules/@antv/color-util": {
      "version": "2.0.6",
      "resolved": "https://registry.npm.taobao.org/@antv/color-util/download/@antv/color-util-2.0.6.tgz?cache=0&sync_timestamp=1608536989607&other_urls=https%3A%2F%2Fregistry.npm.taobao.org%2F%40antv%2Fcolor-util%2Fdownload%2F%40antv%2Fcolor-util-2.0.6.tgz",
      "integrity": "sha1-XhKbuc4/K5MJtSECs9ySlDDMwBY=",
      "dependencies": {
        "@antv/util": "^2.0.9",
        "tslib": "^2.0.3"
      }
    },
    "node_modules/@antv/component": {
      "version": "0.8.7",
      "resolved": "https://registry.npm.taobao.org/@antv/component/download/@antv/component-0.8.7.tgz?cache=0&other_urls=https%3A%2F%2Fregistry.npm.taobao.org%2F%40antv%2Fcomponent%2Fdownload%2F%40antv%2Fcomponent-0.8.7.tgz",
      "integrity": "sha1-UeBMaPgF3rGIeaTNd0YRZobWLy8=",
      "dependencies": {
        "@antv/dom-util": "~2.0.1",
        "@antv/g-base": "~0.5.0",
        "@antv/matrix-util": "^3.1.0-beta.1",
        "@antv/path-util": "~2.0.7",
        "@antv/scale": "~0.3.1",
        "@antv/util": "~2.0.0",
        "fecha": "~4.2.0",
        "tslib": "^2.0.3"
      }
    },
    "node_modules/@antv/coord": {
      "version": "0.3.0",
      "resolved": "https://registry.npm.taobao.org/@antv/coord/download/@antv/coord-0.3.0.tgz",
      "integrity": "sha1-RyOc/TVF+Ht6Z6m+2S0SpSnVqZY=",
      "dependencies": {
        "@antv/matrix-util": "^3.1.0-beta.2",
        "@antv/util": "~2.0.3",
        "tslib": "^1.10.0"
      }
    },
    "node_modules/@antv/coord/node_modules/tslib": {
      "version": "1.14.1",
      "resolved": "https://registry.npm.taobao.org/tslib/download/tslib-1.14.1.tgz?cache=0&sync_timestamp=1609887446826&other_urls=https%3A%2F%2Fregistry.npm.taobao.org%2Ftslib%2Fdownload%2Ftslib-1.14.1.tgz",
      "integrity": "sha1-zy04vcNKE0vK8QkcQfZhni9nLQA="
    },
    "node_modules/@antv/dom-util": {
      "version": "2.0.3",
      "resolved": "https://registry.npm.taobao.org/@antv/dom-util/download/@antv/dom-util-2.0.3.tgz",
      "integrity": "sha1-y9FYsciODopNhlhxpZabEZBVT/U=",
      "dependencies": {
        "tslib": "^2.0.3"
      }
    },
    "node_modules/@antv/event-emitter": {
      "version": "0.1.2",
      "resolved": "https://registry.npm.taobao.org/@antv/event-emitter/download/@antv/event-emitter-0.1.2.tgz",
      "integrity": "sha1-oXt8uG5tBxiA3Gv7IydW+IYk7Lw="
    },
    "node_modules/@antv/g-base": {
      "version": "0.5.5",
      "resolved": "https://registry.npm.taobao.org/@antv/g-base/download/@antv/g-base-0.5.5.tgz",
      "integrity": "sha1-+ztJ9wSsiMdZeXFa73lFJrjp6yw=",
      "dependencies": {
        "@antv/event-emitter": "^0.1.1",
        "@antv/g-math": "^0.1.6",
        "@antv/matrix-util": "^3.1.0-beta.1",
        "@antv/path-util": "~2.0.5",
        "@antv/util": "~2.0.0",
        "@types/d3-timer": "^1.0.9",
        "d3-ease": "^1.0.5",
        "d3-interpolate": "^1.3.2",
        "d3-timer": "^1.0.9",
        "detect-browser": "^5.1.0",
        "tslib": "^2.0.3"
      }
    },
    "node_modules/@antv/g-canvas": {
      "version": "0.5.6",
      "resolved": "https://registry.npm.taobao.org/@antv/g-canvas/download/@antv/g-canvas-0.5.6.tgz",
      "integrity": "sha1-cmbdnreIqHgh7nQAWSAuhaOTwkw=",
      "dependencies": {
        "@antv/g-base": "^0.5.3",
        "@antv/g-math": "^0.1.6",
        "@antv/matrix-util": "^3.1.0-beta.1",
        "@antv/path-util": "~2.0.5",
        "@antv/util": "~2.0.0",
        "gl-matrix": "^3.0.0",
        "tslib": "^2.0.3"
      }
    },
    "node_modules/@antv/g-math": {
      "version": "0.1.7",
      "resolved": "https://registry.npm.taobao.org/@antv/g-math/download/@antv/g-math-0.1.7.tgz?cache=0&sync_timestamp=1608541971803&other_urls=https%3A%2F%2Fregistry.npm.taobao.org%2F%40antv%2Fg-math%2Fdownload%2F%40antv%2Fg-math-0.1.7.tgz",
      "integrity": "sha1-bsJ2kmn3zLZ+WBQNVznfdARswE4=",
      "dependencies": {
        "@antv/util": "~2.0.0",
        "gl-matrix": "^3.0.0"
      }
    },
    "node_modules/@antv/g-svg": {
      "version": "0.5.6",
      "resolved": "https://registry.npm.taobao.org/@antv/g-svg/download/@antv/g-svg-0.5.6.tgz",
      "integrity": "sha1-cLL6mAxDGzmtPFtLU+NqHWCVfWU=",
      "dependencies": {
        "@antv/g-base": "^0.5.3",
        "@antv/g-math": "^0.1.6",
        "@antv/util": "~2.0.0",
        "detect-browser": "^5.0.0",
        "tslib": "^2.0.3"
      }
    },
    "node_modules/@antv/g2": {
      "version": "4.1.9",
      "resolved": "https://registry.npm.taobao.org/@antv/g2/download/@antv/g2-4.1.9.tgz",
      "integrity": "sha1-2PdjYYtJgvIfY3K4LJ07lmnB0Ns=",
      "dependencies": {
        "@antv/adjust": "^0.2.1",
        "@antv/attr": "^0.3.1",
        "@antv/color-util": "^2.0.2",
        "@antv/component": "^0.8.7",
        "@antv/coord": "^0.3.0",
        "@antv/dom-util": "^2.0.2",
        "@antv/event-emitter": "~0.1.0",
        "@antv/g-base": "^0.5.0",
        "@antv/g-canvas": "^0.5.0",
        "@antv/g-svg": "^0.5.0",
        "@antv/matrix-util": "^3.1.0-beta.1",
        "@antv/path-util": "^2.0.3",
        "@antv/scale": "^0.3.7",
        "@antv/util": "~2.0.5",
        "tslib": "^2.0.0"
      }
    },
    "node_modules/@antv/g2plot": {
      "version": "2.3.10",
      "resolved": "https://registry.npm.taobao.org/@antv/g2plot/download/@antv/g2plot-2.3.10.tgz?cache=0&sync_timestamp=1611733845780&other_urls=https%3A%2F%2Fregistry.npm.taobao.org%2F%40antv%2Fg2plot%2Fdownload%2F%40antv%2Fg2plot-2.3.10.tgz",
      "integrity": "sha1-xjCrmxw1mwuWtEkkTzUd5kzZC7I=",
      "dependencies": {
        "@antv/event-emitter": "^0.1.2",
        "@antv/g2": "^4.1.0",
        "d3-hierarchy": "^2.0.0",
        "d3-regression": "^1.3.5",
        "d3-sankey": "^0.12.3",
        "size-sensor": "^1.0.1",
        "tslib": "^2.0.3"
      }
    },
    "node_modules/@antv/matrix-util": {
      "version": "3.1.0-beta.2",
      "resolved": "https://registry.npm.taobao.org/@antv/matrix-util/download/@antv/matrix-util-3.1.0-beta.2.tgz",
      "integrity": "sha1-tK+vtw299Sr/yjCNNUbIoJD9I8o=",
      "dependencies": {
        "@antv/util": "^2.0.9",
        "gl-matrix": "^3.3.0",
        "tslib": "^1.10.0"
      }
    },
    "node_modules/@antv/matrix-util/node_modules/tslib": {
      "version": "1.14.1",
      "resolved": "https://registry.npm.taobao.org/tslib/download/tslib-1.14.1.tgz?cache=0&sync_timestamp=1609887446826&other_urls=https%3A%2F%2Fregistry.npm.taobao.org%2Ftslib%2Fdownload%2Ftslib-1.14.1.tgz",
      "integrity": "sha1-zy04vcNKE0vK8QkcQfZhni9nLQA="
    },
    "node_modules/@antv/path-util": {
      "version": "2.0.9",
      "resolved": "https://registry.npm.taobao.org/@antv/path-util/download/@antv/path-util-2.0.9.tgz",
      "integrity": "sha1-l25KPPtiGXZ6YC0peyBciNZteyw=",
      "dependencies": {
        "@antv/util": "^2.0.9",
        "tslib": "^2.0.3"
      }
    },
    "node_modules/@antv/scale": {
      "version": "0.3.7",
      "resolved": "https://registry.npm.taobao.org/@antv/scale/download/@antv/scale-0.3.7.tgz?cache=0&sync_timestamp=1610089707419&other_urls=https%3A%2F%2Fregistry.npm.taobao.org%2F%40antv%2Fscale%2Fdownload%2F%40antv%2Fscale-0.3.7.tgz",
      "integrity": "sha1-ZJ1EiUteG8YpJ+Dxe4TnqKvK57Y=",
      "dependencies": {
        "@antv/util": "~2.0.3",
        "fecha": "~4.2.0",
        "tslib": "^2.0.0"
      }
    },
    "node_modules/@antv/util": {
      "version": "2.0.10",
      "resolved": "https://registry.npm.taobao.org/@antv/util/download/@antv/util-2.0.10.tgz?cache=0&sync_timestamp=1608536926534&other_urls=https%3A%2F%2Fregistry.npm.taobao.org%2F%40antv%2Futil%2Fdownload%2F%40antv%2Futil-2.0.10.tgz",
      "integrity": "sha1-6PNdTpx/wyBdjYFJzrH3yUEZHyk=",
      "dependencies": {
        "tslib": "^2.0.3"
      }
    },
    "node_modules/@types/d3-timer": {
      "version": "1.0.10",
      "resolved": "https://registry.npm.taobao.org/@types/d3-timer/download/@types/d3-timer-1.0.10.tgz",
      "integrity": "sha1-MpxRwskx9E7QrP94uMhFcazw7SE="
    },
    "node_modules/d3-array": {
      "version": "2.11.0",
      "resolved": "https://registry.npm.taobao.org/d3-array/download/d3-array-2.11.0.tgz?cache=0&sync_timestamp=1611532415265&other_urls=https%3A%2F%2Fregistry.npm.taobao.org%2Fd3-array%2Fdownload%2Fd3-array-2.11.0.tgz",
      "integrity": "sha1-XtaihpvH1HGuyN+f9u2f73mPrMQ=",
      "dependencies": {
        "internmap": "^1.0.0"
      }
    },
    "node_modules/d3-color": {
      "version": "1.4.1",
      "resolved": "https://registry.npm.taobao.org/d3-color/download/d3-color-1.4.1.tgz",
      "integrity": "sha1-xSACv4hGraRCTVXZeYL+8m6zvIo="
    },
    "node_modules/d3-ease": {
      "version": "1.0.7",
      "resolved": "https://registry.npm.taobao.org/d3-ease/download/d3-ease-1.0.7.tgz?cache=0&other_urls=https%3A%2F%2Fregistry.npm.taobao.org%2Fd3-ease%2Fdownload%2Fd3-ease-1.0.7.tgz",
      "integrity": "sha1-moNIkO+LiujFWLL+Vb1X9Zk7heI="
    },
    "node_modules/d3-hierarchy": {
      "version": "2.0.0",
      "resolved": "https://registry.npm.taobao.org/d3-hierarchy/download/d3-hierarchy-2.0.0.tgz",
      "integrity": "sha1-2riKWMo+ehvGyrOQ6JZn/MbSAhg="
    },
    "node_modules/d3-interpolate": {
      "version": "1.4.0",
      "resolved": "https://registry.npm.taobao.org/d3-interpolate/download/d3-interpolate-1.4.0.tgz?cache=0&sync_timestamp=1598193842038&other_urls=https%3A%2F%2Fregistry.npm.taobao.org%2Fd3-interpolate%2Fdownload%2Fd3-interpolate-1.4.0.tgz",
      "integrity": "sha1-Um554tgNqjg/ngwcHH3MDwWD6Yc=",
      "dependencies": {
        "d3-color": "1"
      }
    },
    "node_modules/d3-path": {
      "version": "1.0.9",
      "resolved": "https://registry.npm.taobao.org/d3-path/download/d3-path-1.0.9.tgz?cache=0&sync_timestamp=1597836775299&other_urls=https%3A%2F%2Fregistry.npm.taobao.org%2Fd3-path%2Fdownload%2Fd3-path-1.0.9.tgz",
      "integrity": "sha1-SMBQux/owmJJOoyvVSTj6VkXAc8="
    },
    "node_modules/d3-regression": {
      "version": "1.3.5",
      "resolved": "https://registry.npm.taobao.org/d3-regression/download/d3-regression-1.3.5.tgz",
      "integrity": "sha1-rUMYqkJph/zj/tvuQQbO5UQ84x8="
    },
    "node_modules/d3-sankey": {
      "version": "0.12.3",
      "resolved": "https://registry.npm.taobao.org/d3-sankey/download/d3-sankey-0.12.3.tgz",
      "integrity": "sha1-s8JoYnvXLl2AM26N5qy/7J0V0B0=",
      "dependencies": {
        "d3-array": "1 - 2",
        "d3-shape": "^1.2.0"
      }
    },
    "node_modules/d3-shape": {
      "version": "1.3.7",
      "resolved": "https://registry.npm.taobao.org/d3-shape/download/d3-shape-1.3.7.tgz",
      "integrity": "sha1-32OAG+B7yYa8VPY3ibT+UCmStdc=",
      "dependencies": {
        "d3-path": "1"
      }
    },
    "node_modules/d3-timer": {
      "version": "1.0.10",
      "resolved": "https://registry.npm.taobao.org/d3-timer/download/d3-timer-1.0.10.tgz",
      "integrity": "sha1-3+dripF0iDGxO22ceT/71QjdneU="
    },
    "node_modules/detect-browser": {
      "version": "5.2.0",
      "resolved": "https://registry.npm.taobao.org/detect-browser/download/detect-browser-5.2.0.tgz",
      "integrity": "sha1-yc1a+pamoZ/aC76em+SKa24enJc="
    },
    "node_modules/fecha": {
      "version": "4.2.0",
      "resolved": "https://registry.npm.taobao.org/fecha/download/fecha-4.2.0.tgz",
      "integrity": "sha1-P/tjlUU+Pz7/+FBATwpZtnR/X0E="
    },
    "node_modules/gl-matrix": {
      "version": "3.3.0",
      "resolved": "https://registry.npm.taobao.org/gl-matrix/download/gl-matrix-3.3.0.tgz",
      "integrity": "sha1-Iy7vYLHIswooy751ssr2xI/WNYs="
    },
    "node_modules/internmap": {
      "version": "1.0.0",
      "resolved": "https://registry.npm.taobao.org/internmap/download/internmap-1.0.0.tgz",
      "integrity": "sha1-PGvwlEsOrkV2mAAEEhCHUrv921Y="
    },
    "node_modules/size-sensor": {
      "version": "1.0.1",
      "resolved": "https://registry.npm.taobao.org/size-sensor/download/size-sensor-1.0.1.tgz",
      "integrity": "sha1-+E5GIG0+JZ+v8dVI5LO+ypMhnbs="
    },
    "node_modules/tslib": {
      "version": "2.1.0",
      "resolved": "https://registry.npm.taobao.org/tslib/download/tslib-2.1.0.tgz?cache=0&sync_timestamp=1609887446826&other_urls=https%3A%2F%2Fregistry.npm.taobao.org%2Ftslib%2Fdownload%2Ftslib-2.1.0.tgz",
      "integrity": "sha1-2mCGDxwuyqVwOrfTm8Bba/mIuXo="
    }
  },
  "dependencies": {
    "@antv/adjust": {
      "version": "0.2.3",
      "resolved": "https://registry.npm.taobao.org/@antv/adjust/download/@antv/adjust-0.2.3.tgz?cache=0&sync_timestamp=1602724618252&other_urls=https%3A%2F%2Fregistry.npm.taobao.org%2F%40antv%2Fadjust%2Fdownload%2F%40antv%2Fadjust-0.2.3.tgz",
      "integrity": "sha1-w4hKaAwyZMwSXX8qtTmOihwLlAE=",
      "requires": {
        "@antv/util": "~2.0.0",
        "tslib": "^1.10.0"
      },
      "dependencies": {
        "tslib": {
          "version": "1.14.1",
          "resolved": "https://registry.npm.taobao.org/tslib/download/tslib-1.14.1.tgz?cache=0&sync_timestamp=1609887446826&other_urls=https%3A%2F%2Fregistry.npm.taobao.org%2Ftslib%2Fdownload%2Ftslib-1.14.1.tgz",
          "integrity": "sha1-zy04vcNKE0vK8QkcQfZhni9nLQA="
        }
      }
    },
    "@antv/attr": {
      "version": "0.3.2",
      "resolved": "https://registry.npm.taobao.org/@antv/attr/download/@antv/attr-0.3.2.tgz",
      "integrity": "sha1-5YZrZIcMYvOpwluKYfZUuiv9oFE=",
      "requires": {
        "@antv/color-util": "^2.0.1",
        "@antv/util": "~2.0.0",
        "tslib": "^1.10.0"
      },
      "dependencies": {
        "tslib": {
          "version": "1.14.1",
          "resolved": "https://registry.npm.taobao.org/tslib/download/tslib-1.14.1.tgz?cache=0&sync_timestamp=1609887446826&other_urls=https%3A%2F%2Fregistry.npm.taobao.org%2Ftslib%2Fdownload%2Ftslib-1.14.1.tgz",
          "integrity": "sha1-zy04vcNKE0vK8QkcQfZhni9nLQA="
        }
      }
    },
    "@antv/color-util": {
      "version": "2.0.6",
      "resolved": "https://registry.npm.taobao.org/@antv/color-util/download/@antv/color-util-2.0.6.tgz?cache=0&sync_timestamp=1608536989607&other_urls=https%3A%2F%2Fregistry.npm.taobao.org%2F%40antv%2Fcolor-util%2Fdownload%2F%40antv%2Fcolor-util-2.0.6.tgz",
      "integrity": "sha1-XhKbuc4/K5MJtSECs9ySlDDMwBY=",
      "requires": {
        "@antv/util": "^2.0.9",
        "tslib": "^2.0.3"
      }
    },
    "@antv/component": {
      "version": "0.8.7",
      "resolved": "https://registry.npm.taobao.org/@antv/component/download/@antv/component-0.8.7.tgz?cache=0&other_urls=https%3A%2F%2Fregistry.npm.taobao.org%2F%40antv%2Fcomponent%2Fdownload%2F%40antv%2Fcomponent-0.8.7.tgz",
      "integrity": "sha1-UeBMaPgF3rGIeaTNd0YRZobWLy8=",
      "requires": {
        "@antv/dom-util": "~2.0.1",
        "@antv/g-base": "~0.5.0",
        "@antv/matrix-util": "^3.1.0-beta.1",
        "@antv/path-util": "~2.0.7",
        "@antv/scale": "~0.3.1",
        "@antv/util": "~2.0.0",
        "fecha": "~4.2.0",
        "tslib": "^2.0.3"
      }
    },
    "@antv/coord": {
      "version": "0.3.0",
      "resolved": "https://registry.npm.taobao.org/@antv/coord/download/@antv/coord-0.3.0.tgz",
      "integrity": "sha1-RyOc/TVF+Ht6Z6m+2S0SpSnVqZY=",
      "requires": {
        "@antv/matrix-util": "^3.1.0-beta.2",
        "@antv/util": "~2.0.3",
        "tslib": "^1.10.0"
      },
      "dependencies": {
        "tslib": {
          "version": "1.14.1",
          "resolved": "https://registry.npm.taobao.org/tslib/download/tslib-1.14.1.tgz?cache=0&sync_timestamp=1609887446826&other_urls=https%3A%2F%2Fregistry.npm.taobao.org%2Ftslib%2Fdownload%2Ftslib-1.14.1.tgz",
          "integrity": "sha1-zy04vcNKE0vK8QkcQfZhni9nLQA="
        }
      }
    },
    "@antv/dom-util": {
      "version": "2.0.3",
      "resolved": "https://registry.npm.taobao.org/@antv/dom-util/download/@antv/dom-util-2.0.3.tgz",
      "integrity": "sha1-y9FYsciODopNhlhxpZabEZBVT/U=",
      "requires": {
        "tslib": "^2.0.3"
      }
    },
    "@antv/event-emitter": {
      "version": "0.1.2",
      "resolved": "https://registry.npm.taobao.org/@antv/event-emitter/download/@antv/event-emitter-0.1.2.tgz",
      "integrity": "sha1-oXt8uG5tBxiA3Gv7IydW+IYk7Lw="
    },
    "@antv/g-base": {
      "version": "0.5.5",
      "resolved": "https://registry.npm.taobao.org/@antv/g-base/download/@antv/g-base-0.5.5.tgz",
      "integrity": "sha1-+ztJ9wSsiMdZeXFa73lFJrjp6yw=",
      "requires": {
        "@antv/event-emitter": "^0.1.1",
        "@antv/g-math": "^0.1.6",
        "@antv/matrix-util": "^3.1.0-beta.1",
        "@antv/path-util": "~2.0.5",
        "@antv/util": "~2.0.0",
        "@types/d3-timer": "^1.0.9",
        "d3-ease": "^1.0.5",
        "d3-interpolate": "^1.3.2",
        "d3-timer": "^1.0.9",
        "detect-browser": "^5.1.0",
        "tslib": "^2.0.3"
      }
    },
    "@antv/g-canvas": {
      "version": "0.5.6",
      "resolved": "https://registry.npm.taobao.org/@antv/g-canvas/download/@antv/g-canvas-0.5.6.tgz",
      "integrity": "sha1-cmbdnreIqHgh7nQAWSAuhaOTwkw=",
      "requires": {
        "@antv/g-base": "^0.5.3",
        "@antv/g-math": "^0.1.6",
        "@antv/matrix-util": "^3.1.0-beta.1",
        "@antv/path-util": "~2.0.5",
        "@antv/util": "~2.0.0",
        "gl-matrix": "^3.0.0",
        "tslib": "^2.0.3"
      }
    },
    "@antv/g-math": {
      "version": "0.1.7",
      "resolved": "https://registry.npm.taobao.org/@antv/g-math/download/@antv/g-math-0.1.7.tgz?cache=0&sync_timestamp=1608541971803&other_urls=https%3A%2F%2Fregistry.npm.taobao.org%2F%40antv%2Fg-math%2Fdownload%2F%40antv%2Fg-math-0.1.7.tgz",
      "integrity": "sha1-bsJ2kmn3zLZ+WBQNVznfdARswE4=",
      "requires": {
        "@antv/util": "~2.0.0",
        "gl-matrix": "^3.0.0"
      }
    },
    "@antv/g-svg": {
      "version": "0.5.6",
      "resolved": "https://registry.npm.taobao.org/@antv/g-svg/download/@antv/g-svg-0.5.6.tgz",
      "integrity": "sha1-cLL6mAxDGzmtPFtLU+NqHWCVfWU=",
      "requires": {
        "@antv/g-base": "^0.5.3",
        "@antv/g-math": "^0.1.6",
        "@antv/util": "~2.0.0",
        "detect-browser": "^5.0.0",
        "tslib": "^2.0.3"
      }
    },
    "@antv/g2": {
      "version": "4.1.9",
      "resolved": "https://registry.npm.taobao.org/@antv/g2/download/@antv/g2-4.1.9.tgz",
      "integrity": "sha1-2PdjYYtJgvIfY3K4LJ07lmnB0Ns=",
      "requires": {
        "@antv/adjust": "^0.2.1",
        "@antv/attr": "^0.3.1",
        "@antv/color-util": "^2.0.2",
        "@antv/component": "^0.8.7",
        "@antv/coord": "^0.3.0",
        "@antv/dom-util": "^2.0.2",
        "@antv/event-emitter": "~0.1.0",
        "@antv/g-base": "^0.5.0",
        "@antv/g-canvas": "^0.5.0",
        "@antv/g-svg": "^0.5.0",
        "@antv/matrix-util": "^3.1.0-beta.1",
        "@antv/path-util": "^2.0.3",
        "@antv/scale": "^0.3.7",
        "@antv/util": "~2.0.5",
        "tslib": "^2.0.0"
      }
    },
    "@antv/g2plot": {
      "version": "2.3.10",
      "resolved": "https://registry.npm.taobao.org/@antv/g2plot/download/@antv/g2plot-2.3.10.tgz?cache=0&sync_timestamp=1611733845780&other_urls=https%3A%2F%2Fregistry.npm.taobao.org%2F%40antv%2Fg2plot%2Fdownload%2F%40antv%2Fg2plot-2.3.10.tgz",
      "integrity": "sha1-xjCrmxw1mwuWtEkkTzUd5kzZC7I=",
      "requires": {
        "@antv/event-emitter": "^0.1.2",
        "@antv/g2": "^4.1.0",
        "d3-hierarchy": "^2.0.0",
        "d3-regression": "^1.3.5",
        "d3-sankey": "^0.12.3",
        "size-sensor": "^1.0.1",
        "tslib": "^2.0.3"
      }
    },
    "@antv/matrix-util": {
      "version": "3.1.0-beta.2",
      "resolved": "https://registry.npm.taobao.org/@antv/matrix-util/download/@antv/matrix-util-3.1.0-beta.2.tgz",
      "integrity": "sha1-tK+vtw299Sr/yjCNNUbIoJD9I8o=",
      "requires": {
        "@antv/util": "^2.0.9",
        "gl-matrix": "^3.3.0",
        "tslib": "^1.10.0"
      },
      "dependencies": {
        "tslib": {
          "version": "1.14.1",
          "resolved": "https://registry.npm.taobao.org/tslib/download/tslib-1.14.1.tgz?cache=0&sync_timestamp=1609887446826&other_urls=https%3A%2F%2Fregistry.npm.taobao.org%2Ftslib%2Fdownload%2Ftslib-1.14.1.tgz",
          "integrity": "sha1-zy04vcNKE0vK8QkcQfZhni9nLQA="
        }
      }
    },
    "@antv/path-util": {
      "version": "2.0.9",
      "resolved": "https://registry.npm.taobao.org/@antv/path-util/download/@antv/path-util-2.0.9.tgz",
      "integrity": "sha1-l25KPPtiGXZ6YC0peyBciNZteyw=",
      "requires": {
        "@antv/util": "^2.0.9",
        "tslib": "^2.0.3"
      }
    },
    "@antv/scale": {
      "version": "0.3.7",
      "resolved": "https://registry.npm.taobao.org/@antv/scale/download/@antv/scale-0.3.7.tgz?cache=0&sync_timestamp=1610089707419&other_urls=https%3A%2F%2Fregistry.npm.taobao.org%2F%40antv%2Fscale%2Fdownload%2F%40antv%2Fscale-0.3.7.tgz",
      "integrity": "sha1-ZJ1EiUteG8YpJ+Dxe4TnqKvK57Y=",
      "requires": {
        "@antv/util": "~2.0.3",
        "fecha": "~4.2.0",
        "tslib": "^2.0.0"
      }
    },
    "@antv/util": {
      "version": "2.0.10",
      "resolved": "https://registry.npm.taobao.org/@antv/util/download/@antv/util-2.0.10.tgz?cache=0&sync_timestamp=1608536926534&other_urls=https%3A%2F%2Fregistry.npm.taobao.org%2F%40antv%2Futil%2Fdownload%2F%40antv%2Futil-2.0.10.tgz",
      "integrity": "sha1-6PNdTpx/wyBdjYFJzrH3yUEZHyk=",
      "requires": {
        "tslib": "^2.0.3"
      }
    },
    "@types/d3-timer": {
      "version": "1.0.10",
      "resolved": "https://registry.npm.taobao.org/@types/d3-timer/download/@types/d3-timer-1.0.10.tgz",
      "integrity": "sha1-MpxRwskx9E7QrP94uMhFcazw7SE="
    },
    "d3-array": {
      "version": "2.11.0",
      "resolved": "https://registry.npm.taobao.org/d3-array/download/d3-array-2.11.0.tgz?cache=0&sync_timestamp=1611532415265&other_urls=https%3A%2F%2Fregistry.npm.taobao.org%2Fd3-array%2Fdownload%2Fd3-array-2.11.0.tgz",
      "integrity": "sha1-XtaihpvH1HGuyN+f9u2f73mPrMQ=",
      "requires": {
        "internmap": "^1.0.0"
      }
    },
    "d3-color": {
      "version": "1.4.1",
      "resolved": "https://registry.npm.taobao.org/d3-color/download/d3-color-1.4.1.tgz",
      "integrity": "sha1-xSACv4hGraRCTVXZeYL+8m6zvIo="
    },
    "d3-ease": {
      "version": "1.0.7",
      "resolved": "https://registry.npm.taobao.org/d3-ease/download/d3-ease-1.0.7.tgz?cache=0&other_urls=https%3A%2F%2Fregistry.npm.taobao.org%2Fd3-ease%2Fdownload%2Fd3-ease-1.0.7.tgz",
      "integrity": "sha1-moNIkO+LiujFWLL+Vb1X9Zk7heI="
    },
    "d3-hierarchy": {
      "version": "2.0.0",
      "resolved": "https://registry.npm.taobao.org/d3-hierarchy/download/d3-hierarchy-2.0.0.tgz",
      "integrity": "sha1-2riKWMo+ehvGyrOQ6JZn/MbSAhg="
    },
    "d3-interpolate": {
      "version": "1.4.0",
      "resolved": "https://registry.npm.taobao.org/d3-interpolate/download/d3-interpolate-1.4.0.tgz?cache=0&sync_timestamp=1598193842038&other_urls=https%3A%2F%2Fregistry.npm.taobao.org%2Fd3-interpolate%2Fdownload%2Fd3-interpolate-1.4.0.tgz",
      "integrity": "sha1-Um554tgNqjg/ngwcHH3MDwWD6Yc=",
      "requires": {
        "d3-color": "1"
      }
    },
    "d3-path": {
      "version": "1.0.9",
      "resolved": "https://registry.npm.taobao.org/d3-path/download/d3-path-1.0.9.tgz?cache=0&sync_timestamp=1597836775299&other_urls=https%3A%2F%2Fregistry.npm.taobao.org%2Fd3-path%2Fdownload%2Fd3-path-1.0.9.tgz",
      "integrity": "sha1-SMBQux/owmJJOoyvVSTj6VkXAc8="
    },
    "d3-regression": {
      "version": "1.3.5",
      "resolved": "https://registry.npm.taobao.org/d3-regression/download/d3-regression-1.3.5.tgz",
      "integrity": "sha1-rUMYqkJph/zj/tvuQQbO5UQ84x8="
    },
    "d3-sankey": {
      "version": "0.12.3",
      "resolved": "https://registry.npm.taobao.org/d3-sankey/download/d3-sankey-0.12.3.tgz",
      "integrity": "sha1-s8JoYnvXLl2AM26N5qy/7J0V0B0=",
      "requires": {
        "d3-array": "1 - 2",
        "d3-shape": "^1.2.0"
      }
    },
    "d3-shape": {
      "version": "1.3.7",
      "resolved": "https://registry.npm.taobao.org/d3-shape/download/d3-shape-1.3.7.tgz",
      "integrity": "sha1-32OAG+B7yYa8VPY3ibT+UCmStdc=",
      "requires": {
        "d3-path": "1"
      }
    },
    "d3-timer": {
      "version": "1.0.10",
      "resolved": "https://registry.npm.taobao.org/d3-timer/download/d3-timer-1.0.10.tgz",
      "integrity": "sha1-3+dripF0iDGxO22ceT/71QjdneU="
    },
    "detect-browser": {
      "version": "5.2.0",
      "resolved": "https://registry.npm.taobao.org/detect-browser/download/detect-browser-5.2.0.tgz",
      "integrity": "sha1-yc1a+pamoZ/aC76em+SKa24enJc="
    },
    "fecha": {
      "version": "4.2.0",
      "resolved": "https://registry.npm.taobao.org/fecha/download/fecha-4.2.0.tgz",
      "integrity": "sha1-P/tjlUU+Pz7/+FBATwpZtnR/X0E="
    },
    "gl-matrix": {
      "version": "3.3.0",
      "resolved": "https://registry.npm.taobao.org/gl-matrix/download/gl-matrix-3.3.0.tgz",
      "integrity": "sha1-Iy7vYLHIswooy751ssr2xI/WNYs="
    },
    "internmap": {
      "version": "1.0.0",
      "resolved": "https://registry.npm.taobao.org/internmap/download/internmap-1.0.0.tgz",
      "integrity": "sha1-PGvwlEsOrkV2mAAEEhCHUrv921Y="
    },
    "size-sensor": {
      "version": "1.0.1",
      "resolved": "https://registry.npm.taobao.org/size-sensor/download/size-sensor-1.0.1.tgz",
      "integrity": "sha1-+E5GIG0+JZ+v8dVI5LO+ypMhnbs="
    },
    "tslib": {
      "version": "2.1.0",
      "resolved": "https://registry.npm.taobao.org/tslib/download/tslib-2.1.0.tgz?cache=0&sync_timestamp=1609887446826&other_urls=https%3A%2F%2Fregistry.npm.taobao.org%2Ftslib%2Fdownload%2Ftslib-2.1.0.tgz",
      "integrity": "sha1-2mCGDxwuyqVwOrfTm8Bba/mIuXo="
    }
  }
}
